<?xml version="1.0" encoding="utf-8"?>
<Project ToolsVersion="4.0" xmlns="http://schemas.microsoft.com/developer/msbuild/2003">
  <ItemGroup>
    <Filter Include="NosTaleSDK">
      <UniqueIdentifier>{4e790131-4bb9-42fe-a067-9d5fb1c07c62}</UniqueIdentifier>
    </Filter>
    <Filter Include="NosTaleSDK\Entwell">
      <UniqueIdentifier>{762e6928-e3d8-4820-8fb0-a47c427539c8}</UniqueIdentifier>
    </Filter>
    <Filter Include="NosTaleSDK\Entwell\Classes">
      <UniqueIdentifier>{93fd1cf7-7a8e-41fd-85b7-31ea14301b33}</UniqueIdentifier>
    </Filter>
    <Filter Include="NosTaleSDK\Wrappers">
      <UniqueIdentifier>{341bf984-7f55-406b-8557-a07036270359}</UniqueIdentifier>
    </Filter>
    <Filter Include="NosTaleSDK\Wrappers\Classes">
      <UniqueIdentifier>{f36aff34-676b-41f9-ae94-306941168122}</UniqueIdentifier>
    </Filter>
    <Filter Include="NosTaleSDK\Providers">
      <UniqueIdentifier>{0acfe528-8f84-4c7f-b7e9-95362951af45}</UniqueIdentifier>
    </Filter>
    <Filter Include="NosTaleSDK\Utils">
      <UniqueIdentifier>{8d4edd46-c41b-4617-88b8-7b11bd164de7}</UniqueIdentifier>
    </Filter>
    <Filter Include="Implementations">
      <UniqueIdentifier>{36e1b18f-b91a-4838-9c3f-c317f3181c4c}</UniqueIdentifier>
    </Filter>
    <Filter Include="NosTaleSDK\Entwell\Properties">
      <UniqueIdentifier>{a38400bd-4129-4d5a-97d2-ef6400e186b8}</UniqueIdentifier>
    </Filter>
    <Filter Include="NosTaleSDK\Entwell\Enumerations">
      <UniqueIdentifier>{cce38be8-f690-4919-99ec-c2cec3f87490}</UniqueIdentifier>
    </Filter>
    <Filter Include="NosTaleSDK\Entwell\Properties\Graphical">
      <UniqueIdentifier>{f8cd4ec5-6605-43e4-a5e9-e5c7792d794e}</UniqueIdentifier>
    </Filter>
    <Filter Include="NosTaleSDK\Entwell\Properties\Logical">
      <UniqueIdentifier>{5c9fbba7-fdf1-461c-98c6-576b8d7804ee}</UniqueIdentifier>
    </Filter>
    <Filter Include="NosTaleSDK\Plugin">
      <UniqueIdentifier>{2e6236ab-35dd-4a03-84b7-b2201e5f14f9}</UniqueIdentifier>
    </Filter>
  </ItemGroup>
  <ItemGroup>
    <ClCompile Include="NosTaleSDK\Entwell\Classes\TLBSWidgetHandler.ixx">
      <Filter>NosTaleSDK\Entwell\Classes</Filter>
    </ClCompile>
    <ClCompile Include="NosTaleSDK\Entwell\Classes\TObject.ixx">
      <Filter>NosTaleSDK\Entwell\Classes</Filter>
    </ClCompile>
    <ClCompile Include="NosTaleSDK\Entwell\Classes\TBaseList.ixx">
      <Filter>NosTaleSDK\Entwell\Classes</Filter>
    </ClCompile>
    <ClCompile Include="NosTaleSDK\Entwell\Classes\TGameRootWidget.ixx">
      <Filter>NosTaleSDK\Entwell\Classes</Filter>
    </ClCompile>
    <ClCompile Include="NosTaleSDK\Entwell\Classes\TLBSWidget.ixx">
      <Filter>NosTaleSDK\Entwell\Classes</Filter>
    </ClCompile>
    <ClCompile Include="NosTaleSDK\Entwell\Classes\TLBSWidgetList.ixx">
      <Filter>NosTaleSDK\Entwell\Classes</Filter>
    </ClCompile>
    <ClCompile Include="NosTaleSDK\Entwell\Classes\TList.ixx">
      <Filter>NosTaleSDK\Entwell\Classes</Filter>
    </ClCompile>
    <ClCompile Include="NosTaleSDK\Entwell\Classes\TNosRevCmdList.ixx">
      <Filter>NosTaleSDK\Entwell\Classes</Filter>
    </ClCompile>
    <ClCompile Include="NosTaleSDK\Entwell\Classes\TNosRevCmd.ixx">
      <Filter>NosTaleSDK\Entwell\Classes</Filter>
    </ClCompile>
    <ClCompile Include="NosTaleSDK\Entwell\Classes\TNTUnitManager.ixx">
      <Filter>NosTaleSDK\Entwell\Classes</Filter>
    </ClCompile>
    <ClCompile Include="NosTaleSDK\Entwell\Classes\TStringList.ixx">
      <Filter>NosTaleSDK\Entwell\Classes</Filter>
    </ClCompile>
    <ClCompile Include="NosTaleSDK\Entwell\Classes\TStrings.ixx">
      <Filter>NosTaleSDK\Entwell\Classes</Filter>
    </ClCompile>
    <ClCompile Include="NosTaleSDK\Entwell\Classes\TPersistent.ixx">
      <Filter>NosTaleSDK\Entwell\Classes</Filter>
    </ClCompile>
    <ClCompile Include="NosTaleSDK\Entwell\Classes\TNosSndCmdList.ixx">
      <Filter>NosTaleSDK\Entwell\Classes</Filter>
    </ClCompile>
    <ClCompile Include="NosTaleSDK\Entwell\Classes\TNosSndCmd.ixx">
      <Filter>NosTaleSDK\Entwell\Classes</Filter>
    </ClCompile>
    <ClCompile Include="NosTaleSDK\Entwell\Classes\TEWButtonWidget.ixx">
      <Filter>NosTaleSDK\Entwell\Classes</Filter>
    </ClCompile>
    <ClCompile Include="NosTaleSDK\Entwell\Classes\TEWGraphicButtonWidget.ixx">
      <Filter>NosTaleSDK\Entwell\Classes</Filter>
    </ClCompile>
    <ClCompile Include="NosTaleSDK\Entwell\Classes\TEWCustomButtonWidget.ixx">
      <Filter>NosTaleSDK\Entwell\Classes</Filter>
    </ClCompile>
    <ClCompile Include="NosTaleSDK\Entwell\Classes\TEWMoveWidget.ixx">
      <Filter>NosTaleSDK\Entwell\Classes</Filter>
    </ClCompile>
    <ClCompile Include="NosTaleSDK\Entwell\Classes\TEWControlWidgetEvent.ixx">
      <Filter>NosTaleSDK\Entwell\Classes</Filter>
    </ClCompile>
    <ClCompile Include="NosTaleSDK\Entwell\Classes\TEWControlWidget.ixx">
      <Filter>NosTaleSDK\Entwell\Classes</Filter>
    </ClCompile>
    <ClCompile Include="NosTaleSDK\Entwell\Classes\TNTPartySummaryInfoWidget.ixx">
      <Filter>NosTaleSDK\Entwell\Classes</Filter>
    </ClCompile>
    <ClCompile Include="NosTaleSDK\Entwell\Classes\TNTQuickSlotWidget.ixx">
      <Filter>NosTaleSDK\Entwell\Classes</Filter>
    </ClCompile>
    <ClCompile Include="NosTaleSDK\Entwell\Classes\TNTSpecialaListInfoWidget.ixx">
      <Filter>NosTaleSDK\Entwell\Classes</Filter>
    </ClCompile>
    <ClCompile Include="NosTaleSDK\Entwell\Classes\TNTSpecialDragonFx.ixx">
      <Filter>NosTaleSDK\Entwell\Classes</Filter>
    </ClCompile>
    <ClCompile Include="NosTaleSDK\Entwell\Classes\TNTSpecialWingFx.ixx">
      <Filter>NosTaleSDK\Entwell\Classes</Filter>
    </ClCompile>
    <ClCompile Include="NosTaleSDK\Entwell\Classes\TPetSelectIcon.ixx">
      <Filter>NosTaleSDK\Entwell\Classes</Filter>
    </ClCompile>
    <ClCompile Include="NosTaleSDK\Entwell\Classes\TPlayerObjManager.ixx">
      <Filter>NosTaleSDK\Entwell\Classes</Filter>
    </ClCompile>
    <ClCompile Include="NosTaleSDK\Entwell\Classes\TSceneManager.ixx">
      <Filter>NosTaleSDK\Entwell\Classes</Filter>
    </ClCompile>
    <ClCompile Include="NosTaleSDK\Entwell\Classes\TEWCaptionBar.ixx">
      <Filter>NosTaleSDK\Entwell\Classes</Filter>
    </ClCompile>
    <ClCompile Include="NosTaleSDK\Entwell\Classes\TEWControlWidgetEX.ixx">
      <Filter>NosTaleSDK\Entwell\Classes</Filter>
    </ClCompile>
    <ClCompile Include="NosTaleSDK\Entwell\Classes\TEWControlWidgetMouseEvent.ixx">
      <Filter>NosTaleSDK\Entwell\Classes</Filter>
    </ClCompile>
    <ClCompile Include="NosTaleSDK\Entwell\Classes\TEWCustomFormWidget.ixx">
      <Filter>NosTaleSDK\Entwell\Classes</Filter>
    </ClCompile>
    <ClCompile Include="NosTaleSDK\Entwell\Classes\TEWCustomPanelWidget.ixx">
      <Filter>NosTaleSDK\Entwell\Classes</Filter>
    </ClCompile>
    <ClCompile Include="NosTaleSDK\Entwell\Classes\TEWEditWidget.ixx">
      <Filter>NosTaleSDK\Entwell\Classes</Filter>
    </ClCompile>
    <ClCompile Include="NosTaleSDK\Entwell\Classes\TEWLabel.ixx">
      <Filter>NosTaleSDK\Entwell\Classes</Filter>
    </ClCompile>
    <ClCompile Include="NosTaleSDK\Entwell\Classes\TEWLabels.ixx">
      <Filter>NosTaleSDK\Entwell\Classes</Filter>
    </ClCompile>
    <ClCompile Include="NosTaleSDK\Entwell\Classes\TEWParentMoveWidget.ixx">
      <Filter>NosTaleSDK\Entwell\Classes</Filter>
    </ClCompile>
    <ClCompile Include="NosTaleSDK\Entwell\Classes\TEWScrollBar.ixx">
      <Filter>NosTaleSDK\Entwell\Classes</Filter>
    </ClCompile>
    <ClCompile Include="NosTaleSDK\Entwell\Classes\TEWScrollBarThumb.ixx">
      <Filter>NosTaleSDK\Entwell\Classes</Filter>
    </ClCompile>
    <ClCompile Include="NosTaleSDK\Entwell\Classes\TEWScrollBarTrack.ixx">
      <Filter>NosTaleSDK\Entwell\Classes</Filter>
    </ClCompile>
    <ClCompile Include="NosTaleSDK\Entwell\Classes\TLBSCamera.ixx">
      <Filter>NosTaleSDK\Entwell\Classes</Filter>
    </ClCompile>
    <ClCompile Include="NosTaleSDK\Entwell\Classes\TLBSRotDamper.ixx">
      <Filter>NosTaleSDK\Entwell\Classes</Filter>
    </ClCompile>
    <ClCompile Include="NosTaleSDK\Entwell\Classes\TMapPlayerObj.ixx">
      <Filter>NosTaleSDK\Entwell\Classes</Filter>
    </ClCompile>
    <ClCompile Include="NosTaleSDK\Entwell\Classes\TNTConsignmentWidget.ixx">
      <Filter>NosTaleSDK\Entwell\Classes</Filter>
    </ClCompile>
    <ClCompile Include="NosTaleSDK\Entwell\Classes\TNTCoverIcon.ixx">
      <Filter>NosTaleSDK\Entwell\Classes</Filter>
    </ClCompile>
    <ClCompile Include="NosTaleSDK\Entwell\Classes\TNTCustomMessageCoreWidget.ixx">
      <Filter>NosTaleSDK\Entwell\Classes</Filter>
    </ClCompile>
    <ClCompile Include="NosTaleSDK\Entwell\Classes\TNTDataList.ixx">
      <Filter>NosTaleSDK\Entwell\Classes</Filter>
    </ClCompile>
    <ClCompile Include="NosTaleSDK\Entwell\Classes\TNTGameOptionWidget.ixx">
      <Filter>NosTaleSDK\Entwell\Classes</Filter>
    </ClCompile>
    <ClCompile Include="NosTaleSDK\Entwell\Classes\TNTIconWidget.ixx">
      <Filter>NosTaleSDK\Entwell\Classes</Filter>
    </ClCompile>
    <ClCompile Include="NosTaleSDK\Entwell\Classes\TNTItemList.ixx">
      <Filter>NosTaleSDK\Entwell\Classes</Filter>
    </ClCompile>
    <ClCompile Include="NosTaleSDK\Entwell\Classes\TNTLoginWidget.ixx">
      <Filter>NosTaleSDK\Entwell\Classes</Filter>
    </ClCompile>
    <ClCompile Include="NosTaleSDK\Entwell\Classes\TNTMaskingGaugeWidget.ixx">
      <Filter>NosTaleSDK\Entwell\Classes</Filter>
    </ClCompile>
    <ClCompile Include="NosTaleSDK\Entwell\Classes\TNTMonsterSummaryInfoWidget.ixx">
      <Filter>NosTaleSDK\Entwell\Classes</Filter>
    </ClCompile>
    <ClCompile Include="NosTaleSDK\Entwell\Classes\TNTNewCharacterSkillInfoWidget.ixx">
      <Filter>NosTaleSDK\Entwell\Classes</Filter>
    </ClCompile>
    <ClCompile Include="NosTaleSDK\Entwell\Classes\TNTNewCharacterStandardInfoWidget.ixx">
      <Filter>NosTaleSDK\Entwell\Classes</Filter>
    </ClCompile>
    <ClCompile Include="NosTaleSDK\Entwell\Classes\TNTNewServerSelectWidget2.ixx">
      <Filter>NosTaleSDK\Entwell\Classes</Filter>
    </ClCompile>
    <ClCompile Include="NosTaleSDK\Entwell\Classes\TNTTimeAniIcon.ixx">
      <Filter>NosTaleSDK\Entwell\Classes</Filter>
    </ClCompile>
    <ClCompile Include="NosTaleSDK\Entwell\Classes\TNTIntHeadList.ixx">
      <Filter>NosTaleSDK\Entwell\Classes</Filter>
    </ClCompile>
    <ClCompile Include="NosTaleSDK\Entwell\Classes\TNTCItemDataList.ixx">
      <Filter>NosTaleSDK\Entwell\Classes</Filter>
    </ClCompile>
    <ClCompile Include="NosTaleSDK\Entwell\Classes\TNTNonMemIntHeadList.ixx">
      <Filter>NosTaleSDK\Entwell\Classes</Filter>
    </ClCompile>
    <ClCompile Include="NosTaleSDK\Entwell\Classes\TNTConstStringList.ixx">
      <Filter>NosTaleSDK\Entwell\Classes</Filter>
    </ClCompile>
    <ClCompile Include="NosTaleSDK\Entwell\Classes\TNTCharacterSummaryInfoWidget.ixx">
      <Filter>NosTaleSDK\Entwell\Classes</Filter>
    </ClCompile>
    <ClCompile Include="NosTaleSDK\Entwell\Classes\TReadyWidget.ixx">
      <Filter>NosTaleSDK\Entwell\Classes</Filter>
    </ClCompile>
    <ClCompile Include="NosTaleSDK\Entwell\Classes\TNTRuneUpgradeWidget.ixx">
      <Filter>NosTaleSDK\Entwell\Classes</Filter>
    </ClCompile>
    <ClCompile Include="NosTaleSDK\Entwell\Classes\TEWTextOut.ixx">
      <Filter>NosTaleSDK\Entwell\Classes</Filter>
    </ClCompile>
    <ClCompile Include="NosTaleSDK\Entwell\Classes\TEWStringListViewCore.ixx">
      <Filter>NosTaleSDK\Entwell\Classes</Filter>
    </ClCompile>
    <ClCompile Include="NosTaleSDK\Entwell\Classes\TNosTaleGame.ixx">
      <Filter>NosTaleSDK\Entwell\Classes</Filter>
    </ClCompile>
    <ClCompile Include="NosTaleSDK\Entwell\Classes\TDowsingArrowWidget.ixx">
      <Filter>NosTaleSDK\Entwell\Classes</Filter>
    </ClCompile>
    <ClCompile Include="NosTaleSDK\Entwell\Classes\TNTWebBrowserFormWidget.ixx">
      <Filter>NosTaleSDK\Entwell\Classes</Filter>
    </ClCompile>
    <ClCompile Include="NosTaleSDK\Entwell\Classes\TEWTextOutLabel.ixx">
      <Filter>NosTaleSDK\Entwell\Classes</Filter>
    </ClCompile>
    <ClCompile Include="NosTaleSDK\Entwell\Classes\TLockOnTargetMarked.ixx">
      <Filter>NosTaleSDK\Entwell\Classes</Filter>
    </ClCompile>
    <ClCompile Include="NosTaleSDK\Entwell\Classes\TEWRingArrayList.ixx">
      <Filter>NosTaleSDK\Entwell\Classes</Filter>
    </ClCompile>
    <ClCompile Include="NosTaleSDK\Entwell\Classes\TNTQuestSimpleViewer.ixx">
      <Filter>NosTaleSDK\Entwell\Classes</Filter>
    </ClCompile>
    <ClCompile Include="NosTaleSDK\Entwell\Classes\TNTTatooUpgradeWidget.ixx">
      <Filter>NosTaleSDK\Entwell\Classes</Filter>
    </ClCompile>
    <ClCompile Include="NosTaleSDK\Entwell\Classes\TEWNumberEditWidget.ixx">
      <Filter>NosTaleSDK\Entwell\Classes</Filter>
    </ClCompile>
    <ClCompile Include="NosTaleSDK\Entwell\Classes\TLBSGeometryCache.ixx">
      <Filter>NosTaleSDK\Entwell\Classes</Filter>
    </ClCompile>
    <ClCompile Include="NosTaleSDK\Entwell\Classes\TEWRollOverButtonWidget.ixx">
      <Filter>NosTaleSDK\Entwell\Classes</Filter>
    </ClCompile>
    <ClCompile Include="NosTaleSDK\Entwell\Classes\TNaviChatViewer.ixx">
      <Filter>NosTaleSDK\Entwell\Classes</Filter>
    </ClCompile>
    <ClCompile Include="NosTaleSDK\Entwell\Classes\TNTMiniMapWidget.ixx">
      <Filter>NosTaleSDK\Entwell\Classes</Filter>
    </ClCompile>
    <ClCompile Include="NosTaleSDK\Entwell\Classes\TNTTaskBarWidget.ixx">
      <Filter>NosTaleSDK\Entwell\Classes</Filter>
    </ClCompile>
    <ClCompile Include="NosTaleSDK\Entwell\Classes\TEWListView.ixx">
      <Filter>NosTaleSDK\Entwell\Classes</Filter>
    </ClCompile>
    <ClCompile Include="NosTaleSDK\Entwell\Classes\TEWStringListView.ixx">
      <Filter>NosTaleSDK\Entwell\Classes</Filter>
    </ClCompile>
    <ClCompile Include="NosTaleSDK\Entwell\Classes\TNTNewFamilyInfoWidget.ixx">
      <Filter>NosTaleSDK\Entwell\Classes</Filter>
    </ClCompile>
    <ClCompile Include="NosTaleSDK\Entwell\Classes\TNTIndividualShop.ixx">
      <Filter>NosTaleSDK\Entwell\Classes</Filter>
    </ClCompile>
    <ClCompile Include="NosTaleSDK\Entwell\Classes\TNTItemExchangeWidget.ixx">
      <Filter>NosTaleSDK\Entwell\Classes</Filter>
    </ClCompile>
    <ClCompile Include="NosTaleSDK\Entwell\Classes\TNTSPCardUpgradeWidget.ixx">
      <Filter>NosTaleSDK\Entwell\Classes</Filter>
    </ClCompile>
    <ClCompile Include="NosTaleSDK\Entwell\Classes\TSvrCtlObjManager.ixx">
      <Filter>NosTaleSDK\Entwell\Classes</Filter>
    </ClCompile>
    <ClCompile Include="NosTaleSDK\Entwell\Classes\TBuddyChatWidget.ixx">
      <Filter>NosTaleSDK\Entwell\Classes</Filter>
    </ClCompile>
    <ClCompile Include="NosTaleSDK\Entwell\Classes\TByteList.ixx">
      <Filter>NosTaleSDK\Entwell\Classes</Filter>
    </ClCompile>
    <ClCompile Include="NosTaleSDK\Entwell\Classes\TEWFormWidget.ixx">
      <Filter>NosTaleSDK\Entwell\Classes</Filter>
    </ClCompile>
    <ClCompile Include="NosTaleSDK\Entwell\Classes\TImpossibleIconWidget.ixx">
      <Filter>NosTaleSDK\Entwell\Classes</Filter>
    </ClCompile>
    <ClCompile Include="NosTaleSDK\Entwell\Classes\TLBSBkFxItem.ixx">
      <Filter>NosTaleSDK\Entwell\Classes</Filter>
    </ClCompile>
    <ClCompile Include="NosTaleSDK\Entwell\Classes\TLBSBkFxList.ixx">
      <Filter>NosTaleSDK\Entwell\Classes</Filter>
    </ClCompile>
    <ClCompile Include="NosTaleSDK\Entwell\Classes\TLBSMultiTextureCache.ixx">
      <Filter>NosTaleSDK\Entwell\Classes</Filter>
    </ClCompile>
    <ClCompile Include="NosTaleSDK\Entwell\Classes\TLBSMultiTextureList.ixx">
      <Filter>NosTaleSDK\Entwell\Classes</Filter>
    </ClCompile>
    <ClCompile Include="NosTaleSDK\Entwell\Classes\TLockOnTargetMarkedCore.ixx">
      <Filter>NosTaleSDK\Entwell\Classes</Filter>
    </ClCompile>
    <ClCompile Include="NosTaleSDK\Entwell\Classes\TMapMonsterObj.ixx">
      <Filter>NosTaleSDK\Entwell\Classes</Filter>
    </ClCompile>
    <ClCompile Include="NosTaleSDK\Entwell\Classes\TMapMoveObjBase.ixx">
      <Filter>NosTaleSDK\Entwell\Classes</Filter>
    </ClCompile>
    <ClCompile Include="NosTaleSDK\Entwell\Classes\TMapNpcObj.ixx">
      <Filter>NosTaleSDK\Entwell\Classes</Filter>
    </ClCompile>
    <ClCompile Include="NosTaleSDK\Entwell\Classes\TMapObjBase.ixx">
      <Filter>NosTaleSDK\Entwell\Classes</Filter>
    </ClCompile>
    <ClCompile Include="NosTaleSDK\Entwell\Classes\TMiniMapCore.ixx">
      <Filter>NosTaleSDK\Entwell\Classes</Filter>
    </ClCompile>
    <ClCompile Include="NosTaleSDK\Entwell\Classes\TMovePosiMarked.ixx">
      <Filter>NosTaleSDK\Entwell\Classes</Filter>
    </ClCompile>
    <ClCompile Include="NosTaleSDK\Entwell\Classes\TNaviMultiSelect.ixx">
      <Filter>NosTaleSDK\Entwell\Classes</Filter>
    </ClCompile>
    <ClCompile Include="NosTaleSDK\Entwell\Classes\TNaviNameViewer.ixx">
      <Filter>NosTaleSDK\Entwell\Classes</Filter>
    </ClCompile>
    <ClCompile Include="NosTaleSDK\Entwell\Classes\TNaviWidget.ixx">
      <Filter>NosTaleSDK\Entwell\Classes</Filter>
    </ClCompile>
    <ClCompile Include="NosTaleSDK\Entwell\Classes\TNTBottomMainUIWidget.ixx">
      <Filter>NosTaleSDK\Entwell\Classes</Filter>
    </ClCompile>
    <ClCompile Include="NosTaleSDK\Entwell\Classes\TNTCharacterInventoryInfoWidget.ixx">
      <Filter>NosTaleSDK\Entwell\Classes</Filter>
    </ClCompile>
    <ClCompile Include="NosTaleSDK\Entwell\Classes\TNTChatEditWidget.ixx">
      <Filter>NosTaleSDK\Entwell\Classes</Filter>
    </ClCompile>
    <ClCompile Include="NosTaleSDK\Entwell\Classes\TNTCommonInfoBoard.ixx">
      <Filter>NosTaleSDK\Entwell\Classes</Filter>
    </ClCompile>
    <ClCompile Include="NosTaleSDK\Entwell\Classes\TNTCustomMessageWidget.ixx">
      <Filter>NosTaleSDK\Entwell\Classes</Filter>
    </ClCompile>
    <ClCompile Include="NosTaleSDK\Entwell\Classes\TNTCuttonEffect.ixx">
      <Filter>NosTaleSDK\Entwell\Classes</Filter>
    </ClCompile>
    <ClCompile Include="NosTaleSDK\Entwell\Classes\TNTIconViewer.ixx">
      <Filter>NosTaleSDK\Entwell\Classes</Filter>
    </ClCompile>
    <ClCompile Include="NosTaleSDK\Entwell\Classes\TNTIconWidgetAddEvent.ixx">
      <Filter>NosTaleSDK\Entwell\Classes</Filter>
    </ClCompile>
    <ClCompile Include="NosTaleSDK\Entwell\Classes\TNTItemUpgradeWidget.ixx">
      <Filter>NosTaleSDK\Entwell\Classes</Filter>
    </ClCompile>
    <ClCompile Include="NosTaleSDK\Entwell\Classes\TNTItemZillerWidget.ixx">
      <Filter>NosTaleSDK\Entwell\Classes</Filter>
    </ClCompile>
    <ClCompile Include="NosTaleSDK\Entwell\Classes\TNTMessageBoxWidget.ixx">
      <Filter>NosTaleSDK\Entwell\Classes</Filter>
    </ClCompile>
    <ClCompile Include="NosTaleSDK\Entwell\Classes\TNTNewCommonInfoWidget.ixx">
      <Filter>NosTaleSDK\Entwell\Classes</Filter>
    </ClCompile>
    <ClCompile Include="NosTaleSDK\Entwell\Classes\TSmallIntList.ixx">
      <Filter>NosTaleSDK\Entwell\Classes</Filter>
    </ClCompile>
    <ClCompile Include="NosTaleSDK\Entwell\Classes\TMiniMapWidget.ixx">
      <Filter>NosTaleSDK\Entwell\Classes</Filter>
    </ClCompile>
    <ClCompile Include="NosTaleSDK\Entwell\Classes\TNTShopOpenUIWidget.ixx">
      <Filter>NosTaleSDK\Entwell\Classes</Filter>
    </ClCompile>
    <ClCompile Include="NosTaleSDK\Entwell\Classes\TNTHintWidget.ixx">
      <Filter>NosTaleSDK\Entwell\Classes</Filter>
    </ClCompile>
    <ClCompile Include="NosTaleSDK\Entwell\Classes\TNTSpecialCardPlusWidget.ixx">
      <Filter>NosTaleSDK\Entwell\Classes</Filter>
    </ClCompile>
    <ClCompile Include="NosTaleSDK\Wrappers\Classes\WrapperTObject.ixx">
      <Filter>NosTaleSDK\Wrappers\Classes</Filter>
    </ClCompile>
    <ClCompile Include="NosTaleSDK\Wrappers\Classes\WrapperTLBSWidget.ixx">
      <Filter>NosTaleSDK\Wrappers\Classes</Filter>
    </ClCompile>
    <ClCompile Include="NosTaleSDK\Providers\AddressProvider.ixx">
      <Filter>NosTaleSDK\Providers</Filter>
    </ClCompile>
    <ClCompile Include="NosTaleSDK\Utils\MemoryUtils.ixx">
      <Filter>NosTaleSDK\Utils</Filter>
    </ClCompile>
    <ClCompile Include="Implementations\PatternAddressProvider.ixx">
      <Filter>Implementations</Filter>
    </ClCompile>
    <ClCompile Include="NosTaleSDK\Entwell\Properties\Logical\Array.ixx">
      <Filter>NosTaleSDK\Entwell\Properties\Logical</Filter>
    </ClCompile>
    <ClCompile Include="NosTaleSDK\Entwell\Properties\Logical\ArrayRefCounted.ixx">
      <Filter>NosTaleSDK\Entwell\Properties\Logical</Filter>
    </ClCompile>
    <ClCompile Include="NosTaleSDK\Entwell\Properties\Logical\Callback.ixx">
      <Filter>NosTaleSDK\Entwell\Properties\Logical</Filter>
    </ClCompile>
    <ClCompile Include="NosTaleSDK\Entwell\Properties\Logical\String.ixx">
      <Filter>NosTaleSDK\Entwell\Properties\Logical</Filter>
    </ClCompile>
    <ClCompile Include="NosTaleSDK\Entwell\Properties\Logical\WideString.ixx">
      <Filter>NosTaleSDK\Entwell\Properties\Logical</Filter>
    </ClCompile>
    <ClCompile Include="NosTaleSDK\Entwell\Properties\Graphical\Bgra.ixx">
      <Filter>NosTaleSDK\Entwell\Properties\Graphical</Filter>
    </ClCompile>
    <ClCompile Include="NosTaleSDK\Entwell\Properties\Graphical\Border.ixx">
      <Filter>NosTaleSDK\Entwell\Properties\Graphical</Filter>
    </ClCompile>
    <ClCompile Include="NosTaleSDK\Entwell\Properties\Graphical\Icon.ixx">
      <Filter>NosTaleSDK\Entwell\Properties\Graphical</Filter>
    </ClCompile>
    <ClCompile Include="NosTaleSDK\Entwell\Properties\Graphical\ImageData.ixx">
      <Filter>NosTaleSDK\Entwell\Properties\Graphical</Filter>
    </ClCompile>
    <ClCompile Include="NosTaleSDK\Entwell\Properties\Graphical\ImagePadding.ixx">
      <Filter>NosTaleSDK\Entwell\Properties\Graphical</Filter>
    </ClCompile>
    <ClCompile Include="NosTaleSDK\Entwell\Properties\Graphical\Item.ixx">
      <Filter>NosTaleSDK\Entwell\Properties\Graphical</Filter>
    </ClCompile>
    <ClCompile Include="NosTaleSDK\Entwell\Properties\Graphical\PictureDisplay.ixx">
      <Filter>NosTaleSDK\Entwell\Properties\Graphical</Filter>
    </ClCompile>
    <ClCompile Include="NosTaleSDK\Entwell\Properties\Graphical\PictureView.ixx">
      <Filter>NosTaleSDK\Entwell\Properties\Graphical</Filter>
    </ClCompile>
    <ClCompile Include="NosTaleSDK\Entwell\Properties\Graphical\TextPosition.ixx">
      <Filter>NosTaleSDK\Entwell\Properties\Graphical</Filter>
    </ClCompile>
    <ClCompile Include="NosTaleSDK\Entwell\Properties\Graphical\TextStyle.ixx">
      <Filter>NosTaleSDK\Entwell\Properties\Graphical</Filter>
    </ClCompile>
    <ClCompile Include="NosTaleSDK\Entwell\Enumerations\Cursor.ixx">
      <Filter>NosTaleSDK\Entwell\Enumerations</Filter>
    </ClCompile>
    <ClCompile Include="NosTaleSDK\Entwell\Enumerations\TextAlignment.ixx">
      <Filter>NosTaleSDK\Entwell\Enumerations</Filter>
    </ClCompile>
    <ClCompile Include="NosTaleSDK\Entwell\Enumerations\TextShadowOrientation.ixx">
      <Filter>NosTaleSDK\Entwell\Enumerations</Filter>
    </ClCompile>
    <ClCompile Include="NosTaleSDK\Entwell\Classes\TMapObjFxItem.ixx">
      <Filter>NosTaleSDK\Entwell\Classes</Filter>
    </ClCompile>
    <ClCompile Include="dllmain.cpp" />
    <ClCompile Include="NosTaleSDK\Runtime.ixx">
      <Filter>NosTaleSDK</Filter>
    </ClCompile>
    <ClCompile Include="NosTaleSDK\Plugin\Plugin.ixx">
      <Filter>NosTaleSDK\Plugin</Filter>
    </ClCompile>
    <ClCompile Include="NosTaleSDK\Providers\VTableProvider.ixx">
      <Filter>NosTaleSDK\Providers</Filter>
    </ClCompile>
  </ItemGroup>
</Project>