<?xml version="1.0" encoding="utf-8"?>
<Project ToolsVersion="4.0" xmlns="http://schemas.microsoft.com/developer/msbuild/2003">
  <ItemGroup>
    <Filter Include="MemoryHelper">
      <UniqueIdentifier>{493dd64e-0e81-4f03-ba6a-0e7d8c342492}</UniqueIdentifier>
    </Filter>
    <Filter Include="Utils">
      <UniqueIdentifier>{54b7b768-d432-465b-9d0a-0f8f2a68aaec}</UniqueIdentifier>
    </Filter>
    <Filter Include="Api">
      <UniqueIdentifier>{ebe6dec4-cfbe-467e-8169-b12b8c2ce060}</UniqueIdentifier>
    </Filter>
    <Filter Include="Api\DelphiClasses">
      <UniqueIdentifier>{a6f57d04-a5bd-4dc4-94e5-d1e43a9464ec}</UniqueIdentifier>
    </Filter>
    <Filter Include="Api\Properties">
      <UniqueIdentifier>{13af1e59-2451-4376-8f48-34b060c203cb}</UniqueIdentifier>
    </Filter>
    <Filter Include="Api\Properties\Graphical">
      <UniqueIdentifier>{d2a505f1-293b-4070-aff2-2356ed950448}</UniqueIdentifier>
    </Filter>
    <Filter Include="Api\Properties\Logical">
      <UniqueIdentifier>{8e4b415e-c058-47c0-888d-be1c48a844c2}</UniqueIdentifier>
    </Filter>
    <Filter Include="Api\CustomClasses">
      <UniqueIdentifier>{e79c838b-b9d2-484b-a432-f9cb47292cff}</UniqueIdentifier>
    </Filter>
    <Filter Include="Api\CustomClasses\Connection">
      <UniqueIdentifier>{5325e890-b770-4ff0-af6e-81b849ef0f25}</UniqueIdentifier>
    </Filter>
    <Filter Include="Api\CustomClasses\MapCommon">
      <UniqueIdentifier>{e5e87221-665e-4792-9b19-e60ddd050b63}</UniqueIdentifier>
    </Filter>
    <Filter Include="Api\CustomClasses\MapCommon\MapObject">
      <UniqueIdentifier>{46c1a847-862b-48d7-bbe7-cb9e468df20f}</UniqueIdentifier>
    </Filter>
    <Filter Include="Api\CustomClasses\UI">
      <UniqueIdentifier>{dd046b01-27c7-44dc-bd12-5abb25d1922f}</UniqueIdentifier>
    </Filter>
    <Filter Include="Api\CustomClasses\Wrappers">
      <UniqueIdentifier>{266543d9-5221-42ee-b537-33359843b75f}</UniqueIdentifier>
    </Filter>
    <Filter Include="Api\CustomClasses\Wrappers\Widgets">
      <UniqueIdentifier>{8b25a3a5-d83b-4922-9f6e-1654970bce7c}</UniqueIdentifier>
    </Filter>
    <Filter Include="Api\Enums">
      <UniqueIdentifier>{4daa0fc4-d7b9-4bbd-82d2-143329dff423}</UniqueIdentifier>
    </Filter>
    <Filter Include="Api\Managers">
      <UniqueIdentifier>{df2d3a9f-3ffd-4d32-a095-266390d4ec81}</UniqueIdentifier>
    </Filter>
    <Filter Include="Api\Managers\ConnectionManager">
      <UniqueIdentifier>{cbdd6bf7-90be-49b6-ac11-a6b98bba6932}</UniqueIdentifier>
    </Filter>
    <Filter Include="Api\Managers\MapManager">
      <UniqueIdentifier>{68844d05-9e78-41e4-8b5a-20229c958ff1}</UniqueIdentifier>
    </Filter>
    <Filter Include="Api\Managers\PacketManager">
      <UniqueIdentifier>{b84a5263-086f-47c9-97f6-184ec74e9776}</UniqueIdentifier>
    </Filter>
    <Filter Include="Api\Managers\UIManager">
      <UniqueIdentifier>{ba235d23-68c9-483c-806f-db7f81509c3b}</UniqueIdentifier>
    </Filter>
    <Filter Include="Api\Managers\PacketManager\Packets">
      <UniqueIdentifier>{797b5508-4341-45c4-a31a-1ed8cb36402f}</UniqueIdentifier>
    </Filter>
    <Filter Include="Api\Managers\PacketManager\Packets\Rcvd">
      <UniqueIdentifier>{4f49558b-c06e-43ae-8d06-542b919c6dd0}</UniqueIdentifier>
    </Filter>
    <Filter Include="Api\Managers\PacketManager\Packets\Sent">
      <UniqueIdentifier>{85dbed6a-7674-4263-8e4f-208c18c54591}</UniqueIdentifier>
    </Filter>
    <Filter Include="Api\Managers\CharacterManager">
      <UniqueIdentifier>{dae9c66b-76f4-4e59-bbcc-d23df22e8c3d}</UniqueIdentifier>
    </Filter>
    <Filter Include="Api\Managers\UIManager\SpyHpMpManager">
      <UniqueIdentifier>{df7c2718-34d9-4b7c-998c-8cabda898394}</UniqueIdentifier>
    </Filter>
    <Filter Include="Api\Managers\DiscordManager">
      <UniqueIdentifier>{05222af7-f63a-4d70-9769-71e1e7b56d34}</UniqueIdentifier>
    </Filter>
    <Filter Include="Api\Managers\UIManager\IdleManager">
      <UniqueIdentifier>{8a25e8d9-c886-42a5-8b99-5c58553f3d95}</UniqueIdentifier>
    </Filter>
    <Filter Include="Api\Managers\ConnectionManager\ServChanManager">
      <UniqueIdentifier>{07b30509-0329-4af6-969e-ae6435ce8a56}</UniqueIdentifier>
    </Filter>
    <Filter Include="Api\Managers\CharacterManager\StuffManager">
      <UniqueIdentifier>{a9b1a4eb-08b9-4809-a651-1215dbdcc93a}</UniqueIdentifier>
    </Filter>
    <Filter Include="Api\Managers\CharacterManager\StuffManager\WeaponManager">
      <UniqueIdentifier>{26535bfd-ffc3-4b30-b90f-059024f8060b}</UniqueIdentifier>
    </Filter>
    <Filter Include="Api\Managers\CharacterManager\StuffManager\SpManager">
      <UniqueIdentifier>{6c995e43-3f08-490b-aaa7-852ce720b567}</UniqueIdentifier>
    </Filter>
    <Filter Include="Api\Managers\CharacterManager\StuffManager\SpManager\WingManager">
      <UniqueIdentifier>{39ac0086-904e-4330-ae54-5acaade1ab78}</UniqueIdentifier>
    </Filter>
    <Filter Include="Api\Managers\CharacterManager\StuffManager\SpManager\AuraManager">
      <UniqueIdentifier>{cbf6e14b-ac29-42c3-872a-145b065274a9}</UniqueIdentifier>
    </Filter>
    <Filter Include="Api\Managers\MapManager\ColorManager">
      <UniqueIdentifier>{17c976fe-8e90-4742-b11e-676ec193f312}</UniqueIdentifier>
    </Filter>
    <Filter Include="Api\Managers\DiscordManager\discordsdk">
      <UniqueIdentifier>{b8ffd7f1-3481-4822-88b0-ebb66cf1b738}</UniqueIdentifier>
    </Filter>
    <Filter Include="Api\Managers\CharacterManager\InteractionManager">
      <UniqueIdentifier>{0d3c7408-4d2d-43c6-baf1-b1291d0ece2f}</UniqueIdentifier>
    </Filter>
    <Filter Include="Api\Managers\CharacterManager\InteractionManager\NpcTalkRangeManager">
      <UniqueIdentifier>{e333bbd3-6fac-4698-8095-6e434c038235}</UniqueIdentifier>
    </Filter>
    <Filter Include="Api\Managers\CharacterManager\StuffManager\StuffRarityManager">
      <UniqueIdentifier>{2a241265-bdfa-4c08-9c88-d66d6a1acd95}</UniqueIdentifier>
    </Filter>
    <Filter Include="Api\Managers\GameFileManager">
      <UniqueIdentifier>{d7799ce5-964e-4dd3-a06c-e2b6e0aaf97e}</UniqueIdentifier>
    </Filter>
    <Filter Include="Api\Managers\GameFileManager\NScli">
      <UniqueIdentifier>{1aa5ba1c-d209-4bdb-8d4b-415b968a1c34}</UniqueIdentifier>
    </Filter>
    <Filter Include="Api\Managers\CharacterManager\StuffManager\ArmorManager">
      <UniqueIdentifier>{8ea75404-c40a-4e59-b42a-21faab13c355}</UniqueIdentifier>
    </Filter>
    <Filter Include="Api\Managers\UIManager\CtrlZManager">
      <UniqueIdentifier>{02b458ee-5a5d-4855-b515-a354fde79720}</UniqueIdentifier>
    </Filter>
  </ItemGroup>
  <ItemGroup>
    <ClInclude Include="Api\Properties\Logical\String.h">
      <Filter>Api\Properties\Logical</Filter>
    </ClInclude>
    <ClInclude Include="Api\Properties\Logical\Callback.h">
      <Filter>Api\Properties\Logical</Filter>
    </ClInclude>
    <ClInclude Include="Api\Properties\Graphical\Bgra.h">
      <Filter>Api\Properties\Graphical</Filter>
    </ClInclude>
    <ClInclude Include="Api\Properties\Graphical\Border.h">
      <Filter>Api\Properties\Graphical</Filter>
    </ClInclude>
    <ClInclude Include="Api\Properties\Graphical\Cursor.h">
      <Filter>Api\Properties\Graphical</Filter>
    </ClInclude>
    <ClInclude Include="Api\Properties\Graphical\GhostBorder.h">
      <Filter>Api\Properties\Graphical</Filter>
    </ClInclude>
    <ClInclude Include="Api\Properties\Graphical\IconProperties.h">
      <Filter>Api\Properties\Graphical</Filter>
    </ClInclude>
    <ClInclude Include="Api\Properties\Graphical\ImageData.h">
      <Filter>Api\Properties\Graphical</Filter>
    </ClInclude>
    <ClInclude Include="Api\Properties\Graphical\ImagePadding.h">
      <Filter>Api\Properties\Graphical</Filter>
    </ClInclude>
    <ClInclude Include="Api\Properties\Graphical\PictureView.h">
      <Filter>Api\Properties\Graphical</Filter>
    </ClInclude>
    <ClInclude Include="Api\Properties\Graphical\TextAlignment.h">
      <Filter>Api\Properties\Graphical</Filter>
    </ClInclude>
    <ClInclude Include="Api\Properties\Graphical\TextPosition.h">
      <Filter>Api\Properties\Graphical</Filter>
    </ClInclude>
    <ClInclude Include="Api\Properties\Graphical\TextShadowOrientation.h">
      <Filter>Api\Properties\Graphical</Filter>
    </ClInclude>
    <ClInclude Include="Api\Properties\Graphical\TextStyle.h">
      <Filter>Api\Properties\Graphical</Filter>
    </ClInclude>
    <ClInclude Include="Api\DelphiClasses\TObject.h">
      <Filter>Api\DelphiClasses</Filter>
    </ClInclude>
    <ClInclude Include="Api\DelphiClasses\TLBSWidget.h">
      <Filter>Api\DelphiClasses</Filter>
    </ClInclude>
    <ClInclude Include="Api\DelphiClasses\TList.h">
      <Filter>Api\DelphiClasses</Filter>
    </ClInclude>
    <ClInclude Include="Api\DelphiClasses\TLBSWidgetList.h">
      <Filter>Api\DelphiClasses</Filter>
    </ClInclude>
    <ClInclude Include="Api\DelphiClasses\TEWScrollBar.h">
      <Filter>Api\DelphiClasses</Filter>
    </ClInclude>
    <ClInclude Include="Api\DelphiClasses\TEWControlWidget.h">
      <Filter>Api\DelphiClasses</Filter>
    </ClInclude>
    <ClInclude Include="Api\DelphiClasses\TEWCaptionBar.h">
      <Filter>Api\DelphiClasses</Filter>
    </ClInclude>
    <ClInclude Include="Api\DelphiClasses\TEWParentMoveWidget.h">
      <Filter>Api\DelphiClasses</Filter>
    </ClInclude>
    <ClInclude Include="Api\DelphiClasses\TEWEditWidget.h">
      <Filter>Api\DelphiClasses</Filter>
    </ClInclude>
    <ClInclude Include="Api\DelphiClasses\TEWControlWidgetEX.h">
      <Filter>Api\DelphiClasses</Filter>
    </ClInclude>
    <ClInclude Include="Api\DelphiClasses\TEWLabels.h">
      <Filter>Api\DelphiClasses</Filter>
    </ClInclude>
    <ClInclude Include="Api\DelphiClasses\TEWLabel.h">
      <Filter>Api\DelphiClasses</Filter>
    </ClInclude>
    <ClInclude Include="Api\DelphiClasses\TEWControlWidgetEvent.h">
      <Filter>Api\DelphiClasses</Filter>
    </ClInclude>
    <ClInclude Include="Api\DelphiClasses\TNTIconWidget.h">
      <Filter>Api\DelphiClasses</Filter>
    </ClInclude>
    <ClInclude Include="Api\DelphiClasses\TNTCoverIcon.h">
      <Filter>Api\DelphiClasses</Filter>
    </ClInclude>
    <ClInclude Include="Api\DelphiClasses\TEWMoveWidget.h">
      <Filter>Api\DelphiClasses</Filter>
    </ClInclude>
    <ClInclude Include="Api\DelphiClasses\TEWCustomPanelWidget.h">
      <Filter>Api\DelphiClasses</Filter>
    </ClInclude>
    <ClInclude Include="Api\DelphiClasses\TEWScrollBarThumb.h">
      <Filter>Api\DelphiClasses</Filter>
    </ClInclude>
    <ClInclude Include="Api\DelphiClasses\TEWScrollBarTrack.h">
      <Filter>Api\DelphiClasses</Filter>
    </ClInclude>
    <ClInclude Include="Api\DelphiClasses\TEWCustomFormWidget.h">
      <Filter>Api\DelphiClasses</Filter>
    </ClInclude>
    <ClInclude Include="Api\DelphiClasses\TEWCustomButtonWidget.h">
      <Filter>Api\DelphiClasses</Filter>
    </ClInclude>
    <ClInclude Include="Api\DelphiClasses\TEWGraphicButtonWidget.h">
      <Filter>Api\DelphiClasses</Filter>
    </ClInclude>
    <ClInclude Include="MemoryHelper\PatternScan.h">
      <Filter>MemoryHelper</Filter>
    </ClInclude>
    <ClInclude Include="MemoryHelper\Patch.h">
      <Filter>MemoryHelper</Filter>
    </ClInclude>
    <ClInclude Include="Utils\Split.h">
      <Filter>Utils</Filter>
    </ClInclude>
    <ClInclude Include="Utils\Logger.h">
      <Filter>Utils</Filter>
    </ClInclude>
    <ClInclude Include="Api\DelphiClasses\ClassSearcher.h">
      <Filter>Api\DelphiClasses</Filter>
    </ClInclude>
    <ClInclude Include="ClientModding.h" />
    <ClInclude Include="Api\CustomClasses\UI\UI.h">
      <Filter>Api\CustomClasses\UI</Filter>
    </ClInclude>
    <ClInclude Include="Api\CustomClasses\UI\Fps.h">
      <Filter>Api\CustomClasses\UI</Filter>
    </ClInclude>
    <ClInclude Include="Api\CustomClasses\UI\Resolution.h">
      <Filter>Api\CustomClasses\UI</Filter>
    </ClInclude>
    <ClInclude Include="Api\DelphiClasses\TLBSCamera.h">
      <Filter>Api\DelphiClasses</Filter>
    </ClInclude>
    <ClInclude Include="Api\DelphiClasses\TLBSRotDamper.h">
      <Filter>Api\DelphiClasses</Filter>
    </ClInclude>
    <ClInclude Include="Api\DelphiClasses\TNTDataList.h">
      <Filter>Api\DelphiClasses</Filter>
    </ClInclude>
    <ClInclude Include="Api\DelphiClasses\TNTItemList.h">
      <Filter>Api\DelphiClasses</Filter>
    </ClInclude>
    <ClInclude Include="Api\DelphiClasses\TSceneManager.h">
      <Filter>Api\DelphiClasses</Filter>
    </ClInclude>
    <ClInclude Include="Api\Properties\Logical\PartnerEquipmentIcons.h">
      <Filter>Api\Properties\Logical</Filter>
    </ClInclude>
    <ClInclude Include="Api\Properties\Logical\PartnerInformation.h">
      <Filter>Api\Properties\Logical</Filter>
    </ClInclude>
    <ClInclude Include="Api\Properties\Logical\PartnerResistanceIcons.h">
      <Filter>Api\Properties\Logical</Filter>
    </ClInclude>
    <ClInclude Include="Api\Properties\Logical\PartnerSkills.h">
      <Filter>Api\Properties\Logical</Filter>
    </ClInclude>
    <ClInclude Include="Api\Properties\Logical\PartnerSkillsAutomaticButtons.h">
      <Filter>Api\Properties\Logical</Filter>
    </ClInclude>
    <ClInclude Include="Api\Properties\Logical\PartnerSpSkillIcons.h">
      <Filter>Api\Properties\Logical</Filter>
    </ClInclude>
    <ClInclude Include="Api\Properties\Logical\PartnerSpSkillLevel.h">
      <Filter>Api\Properties\Logical</Filter>
    </ClInclude>
    <ClInclude Include="Api\Properties\Logical\PetInformation.h">
      <Filter>Api\Properties\Logical</Filter>
    </ClInclude>
    <ClInclude Include="Api\CustomClasses\Wrappers\Widgets\NewCharacterStandardInfoWidget.h">
      <Filter>Api\CustomClasses\Wrappers\Widgets</Filter>
    </ClInclude>
    <ClInclude Include="Api\DelphiClasses\TNTNewCharacterStandardInfoWidget.h">
      <Filter>Api\DelphiClasses</Filter>
    </ClInclude>
    <ClInclude Include="Api\DelphiClasses\TNTGameOptionWidget.h">
      <Filter>Api\DelphiClasses</Filter>
    </ClInclude>
    <ClInclude Include="Api\DelphiClasses\TGameRootWidget.h">
      <Filter>Api\DelphiClasses</Filter>
    </ClInclude>
    <ClInclude Include="MemoryHelper\HwndGetter.h">
      <Filter>MemoryHelper</Filter>
    </ClInclude>
    <ClInclude Include="Api\Enums\CellType.h">
      <Filter>Api\Enums</Filter>
    </ClInclude>
    <ClInclude Include="Api\Properties\Logical\MapGrid.h">
      <Filter>Api\Properties\Logical</Filter>
    </ClInclude>
    <ClInclude Include="Api\CustomClasses\Wrappers\Widgets\GameOptionWidget.h">
      <Filter>Api\CustomClasses\Wrappers\Widgets</Filter>
    </ClInclude>
    <ClInclude Include="Api\DelphiClasses\TEWButtonWidget.h">
      <Filter>Api\DelphiClasses</Filter>
    </ClInclude>
    <ClInclude Include="Api\DelphiClasses\TNTQuickSlotWidget.h">
      <Filter>Api\DelphiClasses</Filter>
    </ClInclude>
    <ClInclude Include="Api\DelphiClasses\TNTTimeAniIcon.h">
      <Filter>Api\DelphiClasses</Filter>
    </ClInclude>
    <ClInclude Include="Api\CustomClasses\Wrappers\Widgets\QuickSlotWidget.h">
      <Filter>Api\CustomClasses\Wrappers\Widgets</Filter>
    </ClInclude>
    <ClInclude Include="Api\CustomClasses\Wrappers\Widgets\NewCharacterSkillInfoWidget.h">
      <Filter>Api\CustomClasses\Wrappers\Widgets</Filter>
    </ClInclude>
    <ClInclude Include="Api\DelphiClasses\TNTNewCharacterSkillInfoWidget.h">
      <Filter>Api\DelphiClasses</Filter>
    </ClInclude>
    <ClInclude Include="MemoryHelper\TrampolineHook.h">
      <Filter>MemoryHelper</Filter>
    </ClInclude>
    <ClInclude Include="Api\CustomClasses\Wrappers\Widgets\MonsterSummaryInfoWidget.h">
      <Filter>Api\CustomClasses\Wrappers\Widgets</Filter>
    </ClInclude>
    <ClInclude Include="Api\CustomClasses\UI\KeyBindManager.h">
      <Filter>Api\CustomClasses\UI</Filter>
    </ClInclude>
    <ClInclude Include="Api\Enums\KeyCode.h">
      <Filter>Api\Enums</Filter>
    </ClInclude>
    <ClInclude Include="Api\Enums\KeyModifier.h">
      <Filter>Api\Enums</Filter>
    </ClInclude>
    <ClInclude Include="Api\CustomClasses\UI\KeyBindWidget.h">
      <Filter>Api\CustomClasses\UI</Filter>
    </ClInclude>
    <ClInclude Include="Api\DelphiClasses\TLBSWidgetHandler.h">
      <Filter>Api\DelphiClasses</Filter>
    </ClInclude>
    <ClInclude Include="Example.h" />
    <ClInclude Include="ExampleRatufuWidget.h" />
    <ClInclude Include="ClientModdingConfig.h" />
    <ClInclude Include="Api\Properties\Graphical\WeaponGlowingStyle.h">
      <Filter>Api\Properties\Graphical</Filter>
    </ClInclude>
    <ClInclude Include="Api\DelphiClasses\TMapPlayerObj.h">
      <Filter>Api\DelphiClasses</Filter>
    </ClInclude>
    <ClInclude Include="Api\DelphiClasses\TNTMaskingGaugeWidget.h">
      <Filter>Api\DelphiClasses</Filter>
    </ClInclude>
    <ClInclude Include="Api\DelphiClasses\TNTPartySummaryInfoWidget.h">
      <Filter>Api\DelphiClasses</Filter>
    </ClInclude>
    <ClInclude Include="Utils\ToNumber.h">
      <Filter>Utils</Filter>
    </ClInclude>
    <ClInclude Include="Api\Enums\EntityType.h">
      <Filter>Api\Enums</Filter>
    </ClInclude>
    <ClInclude Include="Api\Managers\ConnectionManager\ConnectionManager.h">
      <Filter>Api\Managers\ConnectionManager</Filter>
    </ClInclude>
    <ClInclude Include="Api\Managers\DiscordManager\DiscordManager.h">
      <Filter>Api\Managers\DiscordManager</Filter>
    </ClInclude>
    <ClInclude Include="Api\Managers\DiscordManager\DiscordConfig.h">
      <Filter>Api\Managers\DiscordManager</Filter>
    </ClInclude>
    <ClInclude Include="Api\Managers\MapManager\MapManager.h">
      <Filter>Api\Managers\MapManager</Filter>
    </ClInclude>
    <ClInclude Include="Api\Managers\PacketManager\PacketManager.h">
      <Filter>Api\Managers\PacketManager</Filter>
    </ClInclude>
    <ClInclude Include="Api\Managers\PacketManager\Packets\Rcvd\PR_aa_pst.h">
      <Filter>Api\Managers\PacketManager\Packets\Rcvd</Filter>
    </ClInclude>
    <ClInclude Include="Api\Managers\PacketManager\Packets\Rcvd\PR_pst.h">
      <Filter>Api\Managers\PacketManager\Packets\Rcvd</Filter>
    </ClInclude>
    <ClInclude Include="Api\Managers\PacketManager\Packets\Rcvd\PR_st.h">
      <Filter>Api\Managers\PacketManager\Packets\Rcvd</Filter>
    </ClInclude>
    <ClInclude Include="Api\Managers\PacketManager\Packets\PacketRcvd.h">
      <Filter>Api\Managers\PacketManager\Packets</Filter>
    </ClInclude>
    <ClInclude Include="Api\Managers\UIManager\UIConfig.h">
      <Filter>Api\Managers\UIManager</Filter>
    </ClInclude>
    <ClInclude Include="Api\Managers\UIManager\UIManager.h">
      <Filter>Api\Managers\UIManager</Filter>
    </ClInclude>
    <ClInclude Include="Api\Managers\UIManager\SpyHpMpManager\SpyHpMpManager.h">
      <Filter>Api\Managers\UIManager\SpyHpMpManager</Filter>
    </ClInclude>
    <ClInclude Include="Api\Managers\UIManager\SpyHpMpManager\SpyHpMpConfig.h">
      <Filter>Api\Managers\UIManager\SpyHpMpManager</Filter>
    </ClInclude>
    <ClInclude Include="Api\Managers\Manager.h">
      <Filter>Api\Managers</Filter>
    </ClInclude>
    <ClInclude Include="Api\DelphiClasses\TNTSpecialWingFx.h">
      <Filter>Api\DelphiClasses</Filter>
    </ClInclude>
    <ClInclude Include="Api\DelphiClasses\TNTSpecialDragonFx.h">
      <Filter>Api\DelphiClasses</Filter>
    </ClInclude>
    <ClInclude Include="Api\Managers\UIManager\SpyHpMpManager\Spy.h">
      <Filter>Api\Managers\UIManager\SpyHpMpManager</Filter>
    </ClInclude>
    <ClInclude Include="Api\Managers\PacketManager\PacketConfig.h">
      <Filter>Api\Managers\PacketManager</Filter>
    </ClInclude>
    <ClInclude Include="Api\Managers\MapManager\MapConfig.h">
      <Filter>Api\Managers\MapManager</Filter>
    </ClInclude>
    <ClInclude Include="Api\Managers\CharacterManager\CharacterManager.h">
      <Filter>Api\Managers\CharacterManager</Filter>
    </ClInclude>
    <ClInclude Include="Api\Managers\CharacterManager\CharacterConfig.h">
      <Filter>Api\Managers\CharacterManager</Filter>
    </ClInclude>
    <ClInclude Include="Api\Managers\UIManager\IdleManager\IdleManager.h">
      <Filter>Api\Managers\UIManager\IdleManager</Filter>
    </ClInclude>
    <ClInclude Include="Api\Managers\UIManager\IdleManager\IdleConfig.h">
      <Filter>Api\Managers\UIManager\IdleManager</Filter>
    </ClInclude>
    <ClInclude Include="Api\Managers\ConnectionManager\ConnectionConfig.h">
      <Filter>Api\Managers\ConnectionManager</Filter>
    </ClInclude>
    <ClInclude Include="Api\Managers\ConnectionManager\ServChanManager\ServChanManager.h">
      <Filter>Api\Managers\ConnectionManager\ServChanManager</Filter>
    </ClInclude>
    <ClInclude Include="Api\Managers\ConnectionManager\ServChanManager\ServChanConfig.h">
      <Filter>Api\Managers\ConnectionManager\ServChanManager</Filter>
    </ClInclude>
    <ClInclude Include="Api\Managers\CharacterManager\StuffManager\WeaponManager\WeaponConfig.h">
      <Filter>Api\Managers\CharacterManager\StuffManager\WeaponManager</Filter>
    </ClInclude>
    <ClInclude Include="Api\Managers\CharacterManager\StuffManager\WeaponManager\DefaultWeaponGlow.h">
      <Filter>Api\Managers\CharacterManager\StuffManager\WeaponManager</Filter>
    </ClInclude>
    <ClInclude Include="Api\Managers\CharacterManager\StuffManager\WeaponManager\WeaponManager.h">
      <Filter>Api\Managers\CharacterManager\StuffManager\WeaponManager</Filter>
    </ClInclude>
    <ClInclude Include="Api\Managers\CharacterManager\StuffManager\StuffConfig.h">
      <Filter>Api\Managers\CharacterManager\StuffManager</Filter>
    </ClInclude>
    <ClInclude Include="Api\Managers\CharacterManager\StuffManager\SpManager\SpConfig.h">
      <Filter>Api\Managers\CharacterManager\StuffManager\SpManager</Filter>
    </ClInclude>
    <ClInclude Include="Api\Managers\CharacterManager\StuffManager\SpManager\SpManager.h">
      <Filter>Api\Managers\CharacterManager\StuffManager\SpManager</Filter>
    </ClInclude>
    <ClInclude Include="Api\Managers\CharacterManager\StuffManager\StuffManager.h">
      <Filter>Api\Managers\CharacterManager\StuffManager</Filter>
    </ClInclude>
    <ClInclude Include="Api\Managers\CharacterManager\StuffManager\SpManager\WingManager\WingConfig.h">
      <Filter>Api\Managers\CharacterManager\StuffManager\SpManager\WingManager</Filter>
    </ClInclude>
    <ClInclude Include="Api\Managers\CharacterManager\StuffManager\SpManager\WingManager\WingManager.h">
      <Filter>Api\Managers\CharacterManager\StuffManager\SpManager\WingManager</Filter>
    </ClInclude>
    <ClInclude Include="Api\Managers\CharacterManager\StuffManager\SpManager\WingManager\DefaultWing.h">
      <Filter>Api\Managers\CharacterManager\StuffManager\SpManager\WingManager</Filter>
    </ClInclude>
    <ClInclude Include="Api\Managers\CharacterManager\StuffManager\SpManager\AuraManager\AuraConfig.h">
      <Filter>Api\Managers\CharacterManager\StuffManager\SpManager\AuraManager</Filter>
    </ClInclude>
    <ClInclude Include="Api\Managers\CharacterManager\StuffManager\SpManager\AuraManager\DefaultAura.h">
      <Filter>Api\Managers\CharacterManager\StuffManager\SpManager\AuraManager</Filter>
    </ClInclude>
    <ClInclude Include="Api\Managers\CharacterManager\StuffManager\SpManager\AuraManager\AuraManager.h">
      <Filter>Api\Managers\CharacterManager\StuffManager\SpManager\AuraManager</Filter>
    </ClInclude>
    <ClInclude Include="Api\Managers\MapManager\ColorManager\ColorManager.h">
      <Filter>Api\Managers\MapManager\ColorManager</Filter>
    </ClInclude>
    <ClInclude Include="Api\Managers\MapManager\ColorManager\ColorConfig.h">
      <Filter>Api\Managers\MapManager\ColorManager</Filter>
    </ClInclude>
    <ClInclude Include="..\..\..\..\..\..\code\discordsdk\cpp\achievement_manager.h">
      <Filter>Api\Managers\DiscordManager\discordsdk</Filter>
    </ClInclude>
    <ClInclude Include="..\..\..\..\..\..\code\discordsdk\cpp\activity_manager.h">
      <Filter>Api\Managers\DiscordManager\discordsdk</Filter>
    </ClInclude>
    <ClInclude Include="..\..\..\..\..\..\code\discordsdk\cpp\application_manager.h">
      <Filter>Api\Managers\DiscordManager\discordsdk</Filter>
    </ClInclude>
    <ClInclude Include="..\..\..\..\..\..\code\discordsdk\cpp\core.h">
      <Filter>Api\Managers\DiscordManager\discordsdk</Filter>
    </ClInclude>
    <ClInclude Include="..\..\..\..\..\..\code\discordsdk\cpp\discord.h">
      <Filter>Api\Managers\DiscordManager\discordsdk</Filter>
    </ClInclude>
    <ClInclude Include="..\..\..\..\..\..\code\discordsdk\cpp\event.h">
      <Filter>Api\Managers\DiscordManager\discordsdk</Filter>
    </ClInclude>
    <ClInclude Include="..\..\..\..\..\..\code\discordsdk\cpp\ffi.h">
      <Filter>Api\Managers\DiscordManager\discordsdk</Filter>
    </ClInclude>
    <ClInclude Include="..\..\..\..\..\..\code\discordsdk\cpp\image_manager.h">
      <Filter>Api\Managers\DiscordManager\discordsdk</Filter>
    </ClInclude>
    <ClInclude Include="..\..\..\..\..\..\code\discordsdk\cpp\lobby_manager.h">
      <Filter>Api\Managers\DiscordManager\discordsdk</Filter>
    </ClInclude>
    <ClInclude Include="..\..\..\..\..\..\code\discordsdk\cpp\network_manager.h">
      <Filter>Api\Managers\DiscordManager\discordsdk</Filter>
    </ClInclude>
    <ClInclude Include="..\..\..\..\..\..\code\discordsdk\cpp\overlay_manager.h">
      <Filter>Api\Managers\DiscordManager\discordsdk</Filter>
    </ClInclude>
    <ClInclude Include="..\..\..\..\..\..\code\discordsdk\cpp\relationship_manager.h">
      <Filter>Api\Managers\DiscordManager\discordsdk</Filter>
    </ClInclude>
    <ClInclude Include="..\..\..\..\..\..\code\discordsdk\cpp\storage_manager.h">
      <Filter>Api\Managers\DiscordManager\discordsdk</Filter>
    </ClInclude>
    <ClInclude Include="..\..\..\..\..\..\code\discordsdk\cpp\store_manager.h">
      <Filter>Api\Managers\DiscordManager\discordsdk</Filter>
    </ClInclude>
    <ClInclude Include="..\..\..\..\..\..\code\discordsdk\cpp\types.h">
      <Filter>Api\Managers\DiscordManager\discordsdk</Filter>
    </ClInclude>
    <ClInclude Include="..\..\..\..\..\..\code\discordsdk\cpp\user_manager.h">
      <Filter>Api\Managers\DiscordManager\discordsdk</Filter>
    </ClInclude>
    <ClInclude Include="..\..\..\..\..\..\code\discordsdk\cpp\voice_manager.h">
      <Filter>Api\Managers\DiscordManager\discordsdk</Filter>
    </ClInclude>
    <ClInclude Include="Api\DelphiClasses\TPlayerObjManager.h">
      <Filter>Api\DelphiClasses</Filter>
    </ClInclude>
    <ClInclude Include="Api\Managers\CharacterManager\InteractionManager\InteractionConfig.h">
      <Filter>Api\Managers\CharacterManager\InteractionManager</Filter>
    </ClInclude>
    <ClInclude Include="Api\Managers\CharacterManager\InteractionManager\InteractionManager.h">
      <Filter>Api\Managers\CharacterManager\InteractionManager</Filter>
    </ClInclude>
    <ClInclude Include="Api\Managers\CharacterManager\InteractionManager\NpcTalkRangeNpcManager\NpcTalkRangeConfig.h">
      <Filter>Api\Managers\CharacterManager\InteractionManager\NpcTalkRangeManager</Filter>
    </ClInclude>
    <ClInclude Include="Api\Managers\CharacterManager\InteractionManager\NpcTalkRangeNpcManager\NpcTalkRangeManager.h">
      <Filter>Api\Managers\CharacterManager\InteractionManager\NpcTalkRangeManager</Filter>
    </ClInclude>
    <ClInclude Include="Api\Enums\RarityType.h">
      <Filter>Api\Enums</Filter>
    </ClInclude>
    <ClInclude Include="Api\Managers\CharacterManager\StuffManager\StuffRarityManager\StuffRarityManager.h">
      <Filter>Api\Managers\CharacterManager\StuffManager\StuffRarityManager</Filter>
    </ClInclude>
    <ClInclude Include="Api\Managers\CharacterManager\StuffManager\StuffRarityManager\StuffRarityConfig.h">
      <Filter>Api\Managers\CharacterManager\StuffManager\StuffRarityManager</Filter>
    </ClInclude>
    <ClInclude Include="Api\Managers\CharacterManager\StuffManager\StuffRarityManager\DefaultRarityTextStyle.h">
      <Filter>Api\Managers\CharacterManager\StuffManager\StuffRarityManager</Filter>
    </ClInclude>
    <ClInclude Include="Api\DelphiClasses\TNTConstStringList.h">
      <Filter>Api\DelphiClasses</Filter>
    </ClInclude>
    <ClInclude Include="Api\DelphiClasses\TNTIntHeadList.h">
      <Filter>Api\DelphiClasses</Filter>
    </ClInclude>
    <ClInclude Include="Api\Managers\GameFileManager\GameFileConfig.h">
      <Filter>Api\Managers\GameFileManager</Filter>
    </ClInclude>
    <ClInclude Include="Api\Managers\GameFileManager\GameFileManager.h">
      <Filter>Api\Managers\GameFileManager</Filter>
    </ClInclude>
    <ClInclude Include="Api\Managers\GameFileManager\NScliManager\NScliConfig.h">
      <Filter>Api\Managers\GameFileManager\NScli</Filter>
    </ClInclude>
    <ClInclude Include="Api\Managers\GameFileManager\NScliManager\NScliManager.h">
      <Filter>Api\Managers\GameFileManager\NScli</Filter>
    </ClInclude>
    <ClInclude Include="Api\Managers\CharacterManager\StuffManager\StuffRarityManager\DefaultRarityTextVnum.h">
      <Filter>Api\Managers\CharacterManager\StuffManager\StuffRarityManager</Filter>
    </ClInclude>
    <ClInclude Include="Api\Managers\CharacterManager\StuffManager\ArmorManager\ArmorManager.h">
      <Filter>Api\Managers\CharacterManager\StuffManager\ArmorManager</Filter>
    </ClInclude>
    <ClInclude Include="Api\Managers\CharacterManager\StuffManager\ArmorManager\ArmorConfig.h">
      <Filter>Api\Managers\CharacterManager\StuffManager\ArmorManager</Filter>
    </ClInclude>
    <ClInclude Include="Api\Managers\CharacterManager\StuffManager\ArmorManager\DefaultArmorEffect.h">
      <Filter>Api\Managers\CharacterManager\StuffManager\ArmorManager</Filter>
    </ClInclude>
    <ClInclude Include="Api\Managers\UIManager\CtrlZManager\CtrlZManager.h">
      <Filter>Api\Managers\UIManager\CtrlZManager</Filter>
    </ClInclude>
    <ClInclude Include="Api\Managers\UIManager\CtrlZManager\CtrlZConfig.h">
      <Filter>Api\Managers\UIManager\CtrlZManager</Filter>
    </ClInclude>
    <ClInclude Include="Api\DelphiClasses\TNTCItemDataList.h">
      <Filter>Api\DelphiClasses</Filter>
    </ClInclude>
    <ClInclude Include="Api\DelphiClasses\TNTNonMemIntHeadList.h">
      <Filter>Api\DelphiClasses</Filter>
    </ClInclude>
    <ClInclude Include="Api\Managers\PacketManager\Packets\Rcvd\PR_equip.h">
      <Filter>Api\Managers\PacketManager\Packets\Rcvd</Filter>
    </ClInclude>
    <ClInclude Include="Api\DelphiClasses\TNTSpecialaListInfoWidget.h">
      <Filter>Api\DelphiClasses</Filter>
    </ClInclude>
    <ClInclude Include="Api\Managers\PacketManager\Packets\PacketSent.h">
      <Filter>Api\Managers\PacketManager\Packets</Filter>
    </ClInclude>
    <ClInclude Include="Api\DelphiClasses\TEWControlWidgetMouseEvent.h">
      <Filter>Api\DelphiClasses</Filter>
    </ClInclude>
    <ClInclude Include="Api\DelphiClasses\TNTConsignmentWidget.h">
      <Filter>Api\DelphiClasses</Filter>
    </ClInclude>
    <ClInclude Include="Api\DelphiClasses\TNTNewServerSelectWidget2.h">
      <Filter>Api\DelphiClasses</Filter>
    </ClInclude>
    <ClInclude Include="Api\DelphiClasses\TNTLoginWidget.h">
      <Filter>Api\DelphiClasses</Filter>
    </ClInclude>
  </ItemGroup>
  <ItemGroup>
    <ClCompile Include="ClientModding.cpp" />
    <ClCompile Include="main.cpp" />
    <ClCompile Include="Api\CustomClasses\UI\UI.cpp">
      <Filter>Api\CustomClasses\UI</Filter>
    </ClCompile>
    <ClCompile Include="Api\CustomClasses\Wrappers\Widgets\NewCharacterStandardInfoWidget.cpp">
      <Filter>Api\CustomClasses\Wrappers\Widgets</Filter>
    </ClCompile>
    <ClCompile Include="Api\CustomClasses\Wrappers\Widgets\GameOptionWidget.cpp">
      <Filter>Api\CustomClasses\Wrappers\Widgets</Filter>
    </ClCompile>
    <ClCompile Include="Api\CustomClasses\UI\Resolution.cpp">
      <Filter>Api\CustomClasses\UI</Filter>
    </ClCompile>
    <ClCompile Include="Api\CustomClasses\UI\Fps.cpp">
      <Filter>Api\CustomClasses\UI</Filter>
    </ClCompile>
    <ClCompile Include="Api\CustomClasses\Wrappers\Widgets\QuickSlotWidget.cpp">
      <Filter>Api\CustomClasses\Wrappers\Widgets</Filter>
    </ClCompile>
    <ClCompile Include="Api\CustomClasses\Wrappers\Widgets\NewCharacterSkillInfoWidget.cpp">
      <Filter>Api\CustomClasses\Wrappers\Widgets</Filter>
    </ClCompile>
    <ClCompile Include="MemoryHelper\TrampolineHook.cpp">
      <Filter>MemoryHelper</Filter>
    </ClCompile>
    <ClCompile Include="Api\CustomClasses\Wrappers\Widgets\MonsterSummaryInfoWidget.cpp">
      <Filter>Api\CustomClasses\Wrappers\Widgets</Filter>
    </ClCompile>
    <ClCompile Include="Api\CustomClasses\UI\KeyBindManager.cpp">
      <Filter>Api\CustomClasses\UI</Filter>
    </ClCompile>
    <ClCompile Include="Api\CustomClasses\UI\KeyBindWidget.cpp">
      <Filter>Api\CustomClasses\UI</Filter>
    </ClCompile>
    <ClCompile Include="Example.cpp" />
    <ClCompile Include="ExampleRatufuWidget.cpp" />
    <ClCompile Include="Api\Managers\ConnectionManager\ConnectionManager.cpp">
      <Filter>Api\Managers\ConnectionManager</Filter>
    </ClCompile>
    <ClCompile Include="Api\Managers\DiscordManager\DiscordManager.cpp">
      <Filter>Api\Managers\DiscordManager</Filter>
    </ClCompile>
    <ClCompile Include="Api\Managers\MapManager\MapManager.cpp">
      <Filter>Api\Managers\MapManager</Filter>
    </ClCompile>
    <ClCompile Include="Api\Managers\PacketManager\PacketManager.cpp">
      <Filter>Api\Managers\PacketManager</Filter>
    </ClCompile>
    <ClCompile Include="Api\Managers\UIManager\UIManager.cpp">
      <Filter>Api\Managers\UIManager</Filter>
    </ClCompile>
    <ClCompile Include="Api\Managers\UIManager\SpyHpMpManager\SpyHpMpManager.cpp">
      <Filter>Api\Managers\UIManager\SpyHpMpManager</Filter>
    </ClCompile>
    <ClCompile Include="Api\Managers\UIManager\SpyHpMpManager\Spy.cpp">
      <Filter>Api\Managers\UIManager\SpyHpMpManager</Filter>
    </ClCompile>
    <ClCompile Include="Api\Managers\CharacterManager\CharacterManager.cpp">
      <Filter>Api\Managers\CharacterManager</Filter>
    </ClCompile>
    <ClCompile Include="Api\Managers\UIManager\IdleManager\IdleManager.cpp">
      <Filter>Api\Managers\UIManager\IdleManager</Filter>
    </ClCompile>
    <ClCompile Include="Api\Managers\ConnectionManager\ServChanManager\ServChanManager.cpp">
      <Filter>Api\Managers\ConnectionManager\ServChanManager</Filter>
    </ClCompile>
    <ClCompile Include="Api\Managers\CharacterManager\StuffManager\WeaponManager\WeaponManager.cpp">
      <Filter>Api\Managers\CharacterManager\StuffManager\WeaponManager</Filter>
    </ClCompile>
    <ClCompile Include="Api\Managers\CharacterManager\StuffManager\SpManager\SpManager.cpp">
      <Filter>Api\Managers\CharacterManager\StuffManager\SpManager</Filter>
    </ClCompile>
    <ClCompile Include="Api\Managers\CharacterManager\StuffManager\StuffManager.cpp">
      <Filter>Api\Managers\CharacterManager\StuffManager</Filter>
    </ClCompile>
    <ClCompile Include="Api\Managers\CharacterManager\StuffManager\SpManager\WingManager\WingManager.cpp">
      <Filter>Api\Managers\CharacterManager\StuffManager\SpManager\WingManager</Filter>
    </ClCompile>
    <ClCompile Include="Api\Managers\CharacterManager\StuffManager\SpManager\AuraManager\AuraManager.cpp">
      <Filter>Api\Managers\CharacterManager\StuffManager\SpManager\AuraManager</Filter>
    </ClCompile>
    <ClCompile Include="Api\Managers\MapManager\ColorManager\ColorManager.cpp">
      <Filter>Api\Managers\MapManager\ColorManager</Filter>
    </ClCompile>
    <ClCompile Include="..\..\..\..\..\..\code\discordsdk\cpp\achievement_manager.cpp">
      <Filter>Api\Managers\DiscordManager\discordsdk</Filter>
    </ClCompile>
    <ClCompile Include="..\..\..\..\..\..\code\discordsdk\cpp\activity_manager.cpp">
      <Filter>Api\Managers\DiscordManager\discordsdk</Filter>
    </ClCompile>
    <ClCompile Include="..\..\..\..\..\..\code\discordsdk\cpp\application_manager.cpp">
      <Filter>Api\Managers\DiscordManager\discordsdk</Filter>
    </ClCompile>
    <ClCompile Include="..\..\..\..\..\..\code\discordsdk\cpp\core.cpp">
      <Filter>Api\Managers\DiscordManager\discordsdk</Filter>
    </ClCompile>
    <ClCompile Include="..\..\..\..\..\..\code\discordsdk\cpp\image_manager.cpp">
      <Filter>Api\Managers\DiscordManager\discordsdk</Filter>
    </ClCompile>
    <ClCompile Include="..\..\..\..\..\..\code\discordsdk\cpp\lobby_manager.cpp">
      <Filter>Api\Managers\DiscordManager\discordsdk</Filter>
    </ClCompile>
    <ClCompile Include="..\..\..\..\..\..\code\discordsdk\cpp\network_manager.cpp">
      <Filter>Api\Managers\DiscordManager\discordsdk</Filter>
    </ClCompile>
    <ClCompile Include="..\..\..\..\..\..\code\discordsdk\cpp\overlay_manager.cpp">
      <Filter>Api\Managers\DiscordManager\discordsdk</Filter>
    </ClCompile>
    <ClCompile Include="..\..\..\..\..\..\code\discordsdk\cpp\relationship_manager.cpp">
      <Filter>Api\Managers\DiscordManager\discordsdk</Filter>
    </ClCompile>
    <ClCompile Include="..\..\..\..\..\..\code\discordsdk\cpp\storage_manager.cpp">
      <Filter>Api\Managers\DiscordManager\discordsdk</Filter>
    </ClCompile>
    <ClCompile Include="..\..\..\..\..\..\code\discordsdk\cpp\store_manager.cpp">
      <Filter>Api\Managers\DiscordManager\discordsdk</Filter>
    </ClCompile>
    <ClCompile Include="..\..\..\..\..\..\code\discordsdk\cpp\types.cpp">
      <Filter>Api\Managers\DiscordManager\discordsdk</Filter>
    </ClCompile>
    <ClCompile Include="..\..\..\..\..\..\code\discordsdk\cpp\user_manager.cpp">
      <Filter>Api\Managers\DiscordManager\discordsdk</Filter>
    </ClCompile>
    <ClCompile Include="..\..\..\..\..\..\code\discordsdk\cpp\voice_manager.cpp">
      <Filter>Api\Managers\DiscordManager\discordsdk</Filter>
    </ClCompile>
    <ClCompile Include="Api\Managers\CharacterManager\InteractionManager\InteractionManager.cpp">
      <Filter>Api\Managers\CharacterManager\InteractionManager</Filter>
    </ClCompile>
    <ClCompile Include="Api\Managers\CharacterManager\InteractionManager\NpcTalkRangeNpcManager\NpcTalkRangeManager.cpp">
      <Filter>Api\Managers\CharacterManager\InteractionManager\NpcTalkRangeManager</Filter>
    </ClCompile>
    <ClCompile Include="Api\Managers\CharacterManager\StuffManager\StuffRarityManager\StuffRarityManager.cpp">
      <Filter>Api\Managers\CharacterManager\StuffManager\StuffRarityManager</Filter>
    </ClCompile>
    <ClCompile Include="Api\Managers\GameFileManager\GameFileManager.cpp">
      <Filter>Api\Managers\GameFileManager</Filter>
    </ClCompile>
    <ClCompile Include="Api\Managers\GameFileManager\NScliManager\NScliManager.cpp">
      <Filter>Api\Managers\GameFileManager\NScli</Filter>
    </ClCompile>
    <ClCompile Include="Api\Managers\CharacterManager\StuffManager\ArmorManager\ArmorManager.cpp">
      <Filter>Api\Managers\CharacterManager\StuffManager\ArmorManager</Filter>
    </ClCompile>
    <ClCompile Include="Api\Managers\UIManager\CtrlZManager\CtrlZManager.cpp">
      <Filter>Api\Managers\UIManager\CtrlZManager</Filter>
    </ClCompile>
  </ItemGroup>
  <ItemGroup>
    <None Include="Api\DelphiClasses\TNTMonsterSummaryInfoWidget.h">
      <Filter>Api\DelphiClasses</Filter>
    </None>
  </ItemGroup>
</Project>